
Microsoft Visual Studio Solution File, Format Version 12.00
# Visual Studio Version 17
VisualStudioVersion = 17.1.32228.430
MinimumVisualStudioVersion = 10.0.40219.1
Project("{9A19103F-16F7-4668-BE54-9A1E7A4F7556}") = "Griffin.NotificationSample.Web", "Griffin.NotificationSample.Web\Griffin.NotificationSample.Web.csproj", "{C8B5CFB5-02A9-4D3F-AF49-DC509165A835}"
EndProject
Global
	GlobalSection(SolutionConfigurationPlatforms) = preSolution
		Debug|Any CPU = Debug|Any CPU
		Release|Any CPU = Release|Any CPU
	EndGlobalSection
	GlobalSection(ProjectConfigurationPlatforms) = postSolution
		{C8B5CFB5-02A9-4D3F-AF49-DC509165A835}.Debug|Any CPU.ActiveCfg = Debug|Any CPU
		{C8B5CFB5-02A9-4D3F-AF49-DC509165A835}.Debug|Any CPU.Build.0 = Debug|Any CPU
		{C8B5CFB5-02A9-4D3F-AF49-DC509165A835}.Release|Any CPU.ActiveCfg = Release|Any CPU
		{C8B5CFB5-02A9-4D3F-AF49-DC509165A835}.Release|Any CPU.Build.0 = Release|Any CPU
	EndGlobalSection
	GlobalSection(SolutionProperties) = preSolution
		HideSolutionNode = FALSE
	EndGlobalSection
	GlobalSection(ExtensibilityGlobals) = postSolution
		SolutionGuid = {3598F6C7-BC0A-4492-BB47-A1AC0FA14785}
	EndGlobalSection
EndGlobal
